
Microsoft Visual Studio Solution File, Format Version 12.00
# Visual Studio 2012
Project("{FAE04EC0-301F-11D3-BF4B-00C04F79EFBC}") = "TestOpen", "TestOpen\TestOpen.csproj", "{4A37E71D-96C2-4B8E-8FB6-B50994B54CD7}"
EndProject
Global
	GlobalSection(SolutionConfigurationPlatforms) = preSolution
		Debug|Any CPU = Debug|Any CPU
		Release|Any CPU = Release|Any CPU
	EndGlobalSection
	GlobalSection(ProjectConfigurationPlatforms) = postSolution
		{4A37E71D-96C2-4B8E-8FB6-B50994B54CD7}.Debug|Any CPU.ActiveCfg = Debug|Any CPU
		{4A37E71D-96C2-4B8E-8FB6-B50994B54CD7}.Debug|Any CPU.Build.0 = Debug|Any CPU
		{4A37E71D-96C2-4B8E-8FB6-B50994B54CD7}.Release|Any CPU.ActiveCfg = Release|Any CPU
		{4A37E71D-96C2-4B8E-8FB6-B50994B54CD7}.Release|Any CPU.Build.0 = Release|Any CPU
	EndGlobalSection
EndGlobal
